
Microsoft Visual Studio Solution File, Format Version 12.00
# Visual Studio Version 16
VisualStudioVersion = 16.0.31321.278
MinimumVisualStudioVersion = 10.0.40219.1
Project("{9A19103F-16F7-4668-BE54-9A1E7A4F7556}") = "FalcoBackEnd", "../FalcoBackEnd.csproj", "{51D26C5A-EE55-4DAE-9F92-8C7698EC4117}"
EndProject
Global
	GlobalSection(SolutionConfigurationPlatforms) = preSolution
		Debug|Any CPU = Debug|Any CPU
		Release|Any CPU = Release|Any CPU
	EndGlobalSection
	GlobalSection(ProjectConfigurationPlatforms) = postSolution
		{51D26C5A-EE55-4DAE-9F92-8C7698EC4117}.Debug|Any CPU.ActiveCfg = Debug|Any CPU
		{51D26C5A-EE55-4DAE-9F92-8C7698EC4117}.Debug|Any CPU.Build.0 = Debug|Any CPU
		{51D26C5A-EE55-4DAE-9F92-8C7698EC4117}.Release|Any CPU.ActiveCfg = Release|Any CPU
		{51D26C5A-EE55-4DAE-9F92-8C7698EC4117}.Release|Any CPU.Build.0 = Release|Any CPU
	EndGlobalSection
	GlobalSection(SolutionProperties) = preSolution
		HideSolutionNode = FALSE
	EndGlobalSection
	GlobalSection(ExtensibilityGlobals) = postSolution
		SolutionGuid = {2EC5857A-5612-4659-B70F-E622F474E5E1}
	EndGlobalSection
EndGlobal
